
Microsoft Visual Studio Solution File, Format Version 12.00
# Visual Studio Version 17
VisualStudioVersion = 17.4.33213.308
MinimumVisualStudioVersion = 10.0.40219.1
Project("{FAE04EC0-301F-11D3-BF4B-00C04F79EFBC}") = "Impar.BackEnd.Evaluation", "Impar.BackEnd.Evaluation\Impar.BackEnd.Evaluation.csproj", "{FF4B5534-B425-488F-816A-6B7418C61BB4}"
EndProject
Global
	GlobalSection(SolutionConfigurationPlatforms) = preSolution
		Debug|Any CPU = Debug|Any CPU
		Release|Any CPU = Release|Any CPU
	EndGlobalSection
	GlobalSection(ProjectConfigurationPlatforms) = postSolution
		{FF4B5534-B425-488F-816A-6B7418C61BB4}.Debug|Any CPU.ActiveCfg = Debug|Any CPU
		{FF4B5534-B425-488F-816A-6B7418C61BB4}.Debug|Any CPU.Build.0 = Debug|Any CPU
		{FF4B5534-B425-488F-816A-6B7418C61BB4}.Release|Any CPU.ActiveCfg = Release|Any CPU
		{FF4B5534-B425-488F-816A-6B7418C61BB4}.Release|Any CPU.Build.0 = Release|Any CPU
	EndGlobalSection
	GlobalSection(SolutionProperties) = preSolution
		HideSolutionNode = FALSE
	EndGlobalSection
	GlobalSection(ExtensibilityGlobals) = postSolution
		SolutionGuid = {6184BDF5-6D54-4D21-B80A-7B3C141E6C79}
	EndGlobalSection
EndGlobal
